// !$*UTF8*$!
{
	archiveVersion = 1;
	classes = {
	};
	objectVersion = 46;
	objects = {

/* Begin PBXBuildFile section */
		B3A202511492F13000077100 /* UIKit.framework in Frameworks */ = {isa = PBXBuildFile; fileRef = B3A202501492F13000077100 /* UIKit.framework */; };
		B3A202531492F13000077100 /* Foundation.framework in Frameworks */ = {isa = PBXBuildFile; fileRef = B3A202521492F13000077100 /* Foundation.framework */; };
		B3A202551492F13000077100 /* CoreGraphics.framework in Frameworks */ = {isa = PBXBuildFile; fileRef = B3A202541492F13000077100 /* CoreGraphics.framework */; };
		B3A2025B1492F13000077100 /* InfoPlist.strings in Resources */ = {isa = PBXBuildFile; fileRef = B3A202591492F13000077100 /* InfoPlist.strings */; };
		B3A2025D1492F13000077100 /* main.m in Sources */ = {isa = PBXBuildFile; fileRef = B3A2025C1492F13000077100 /* main.m */; };
		B3A202611492F13000077100 /* AppDelegate.m in Sources */ = {isa = PBXBuildFile; fileRef = B3A202601492F13000077100 /* AppDelegate.m */; };
/* End PBXBuildFile section */

/* Begin PBXFileReference section */
		B3A2024C1492F13000077100 /* AXKit.app */ = {isa = PBXFileReference; explicitFileType = wrapper.application; includeInIndex = 0; path = AXKit.app; sourceTree = BUILT_PRODUCTS_DIR; };
		B3A202501492F13000077100 /* UIKit.framework */ = {isa = PBXFileReference; lastKnownFileType = wrapper.framework; name = UIKit.framework; path = System/Library/Frameworks/UIKit.framework; sourceTree = SDKROOT; };
		B3A202521492F13000077100 /* Foundation.framework */ = {isa = PBXFileReference; lastKnownFileType = wrapper.framework; name = Foundation.framework; path = System/Library/Frameworks/Foundation.framework; sourceTree = SDKROOT; };
		B3A202541492F13000077100 /* CoreGraphics.framework */ = {isa = PBXFileReference; lastKnownFileType = wrapper.framework; name = CoreGraphics.framework; path = System/Library/Frameworks/CoreGraphics.framework; sourceTree = SDKROOT; };
		B3A202581492F13000077100 /* AXKit-Info.plist */ = {isa = PBXFileReference; path = "AXKit-Info.plist"; sourceTree = "<group>"; };
		B3A2025A1492F13000077100 /* en */ = {isa = PBXFileReference; lastKnownFileType = text.plist.strings; name = en; path = en.lproj/InfoPlist.strings; sourceTree = "<group>"; };
		B3A2025C1492F13000077100 /* main.m */ = {isa = PBXFileReference; lastKnownFileType = sourcecode.c.objc; path = main.m; sourceTree = "<group>"; };
		B3A2025E1492F13000077100 /* AXKit-Prefix.pch */ = {isa = PBXFileReference; path = "AXKit-Prefix.pch"; sourceTree = "<group>"; };
		B3A2025F1492F13000077100 /* AppDelegate.h */ = {isa = PBXFileReference; path = AppDelegate.h; sourceTree = "<group>"; };
		B3A202601492F13000077100 /* AppDelegate.m */ = {isa = PBXFileReference; lastKnownFileType = sourcecode.c.objc; path = AppDelegate.m; sourceTree = "<group>"; };
/* End PBXFileReference section */

/* Begin PBXFrameworksBuildPhase section */
		B3A202491492F13000077100 /* Frameworks */ = {
			isa = PBXFrameworksBuildPhase;
			buildActionMask = 2147483647;
			files = (
				B3A202511492F13000077100 /* UIKit.framework in Frameworks */,
				B3A202531492F13000077100 /* Foundation.framework in Frameworks */,
				B3A202551492F13000077100 /* CoreGraphics.framework in Frameworks */,
			);
			runOnlyForDeploymentPostprocessing = 0;
		};
/* End PBXFrameworksBuildPhase section */

/* Begin PBXGroup section */
		B3A202411492F13000077100 = {
			isa = PBXGroup;
			children = (
				B3A202561492F13000077100 /* AXKit */,
				B3A2024F1492F13000077100 /* Frameworks */,
				B3A2024D1492F13000077100 /* Products */,
			);
			sourceTree = "<group>";
		};
		B3A2024D1492F13000077100 /* Products */ = {
			isa = PBXGroup;
			children = (
				B3A2024C1492F13000077100 /* AXKit.app */,
			);
			name = Products;
			sourceTree = "<group>";
		};
		B3A2024F1492F13000077100 /* Frameworks */ = {
			isa = PBXGroup;
			children = (
				B3A202501492F13000077100 /* UIKit.framework */,
				B3A202521492F13000077100 /* Foundation.framework */,
				B3A202541492F13000077100 /* CoreGraphics.framework */,
			);
			name = Frameworks;
			sourceTree = "<group>";
		};
		B3A202561492F13000077100 /* AXKit */ = {
			isa = PBXGroup;
			children = (
				B3A2025F1492F13000077100 /* AppDelegate.h */,
				B3A202601492F13000077100 /* AppDelegate.m */,
				B3A202571492F13000077100 /* Supporting Files */,
			);
			path = AXKit;
			sourceTree = "<group>";
		};
		B3A202571492F13000077100 /* Supporting Files */ = {
			isa = PBXGroup;
			children = (
				B3A202581492F13000077100 /* AXKit-Info.plist */,
				B3A202591492F13000077100 /* InfoPlist.strings */,
				B3A2025C1492F13000077100 /* main.m */,
				B3A2025E1492F13000077100 /* AXKit-Prefix.pch */,
			);
			name = "Supporting Files";
			sourceTree = "<group>";
		};
/* End PBXGroup section */

/* Begin PBXNativeTarget section */
		B3A2024B1492F13000077100 /* AXKit */ = {
			isa = PBXNativeTarget;
			buildConfigurationList = B3A202641492F13000077100 /* Build configuration list for PBXNativeTarget "AXKit" */;
			buildPhases = (
				B3A202481492F13000077100 /* Sources */,
				B3A202491492F13000077100 /* Frameworks */,
				B3A2024A1492F13000077100 /* Resources */,
			);
			buildRules = (
			);
			dependencies = (
			);
			name = AXKit;
			productName = AXKit;
			productReference = B3A2024C1492F13000077100 /* AXKit.app */;
			productType = "com.apple.product-type.application";
		};
/* End PBXNativeTarget section */

/* Begin PBXProject section */
		B3A202431492F13000077100 /* Project object */ = {
			isa = PBXProject;
			attributes = {
				LastUpgradeCheck = 0420;
				ORGANIZATIONNAME = axiixc.com;
			};
			buildConfigurationList = B3A202461492F13000077100 /* Build configuration list for PBXProject "AXKit" */;
			compatibilityVersion = "Xcode 3.2";
			developmentRegion = English;
			hasScannedForEncodings = 0;
			knownRegions = (
				en,
			);
			mainGroup = B3A202411492F13000077100;
			productRefGroup = B3A2024D1492F13000077100 /* Products */;
			projectDirPath = "";
			projectRoot = "";
			targets = (
				B3A2024B1492F13000077100 /* AXKit */,
			);
		};
/* End PBXProject section */

/* Begin PBXResourcesBuildPhase section */
		B3A2024A1492F13000077100 /* Resources */ = {
			isa = PBXResourcesBuildPhase;
			buildActionMask = 2147483647;
			files = (
				B3A2025B1492F13000077100 /* InfoPlist.strings in Resources */,
			);
			runOnlyForDeploymentPostprocessing = 0;
		};
/* End PBXResourcesBuildPhase section */

/* Begin PBXSourcesBuildPhase section */
		B3A202481492F13000077100 /* Sources */ = {
			isa = PBXSourcesBuildPhase;
			buildActionMask = 2147483647;
			files = (
				B3A2025D1492F13000077100 /* main.m in Sources */,
				B3A202611492F13000077100 /* AppDelegate.m in Sources */,
			);
			runOnlyForDeploymentPostprocessing = 0;
		};
/* End PBXSourcesBuildPhase section */

/* Begin PBXVariantGroup section */
		B3A202591492F13000077100 /* InfoPlist.strings */ = {
			isa = PBXVariantGroup;
			children = (
				B3A2025A1492F13000077100 /* en */,
			);
			name = InfoPlist.strings;
			sourceTree = "<group>";
		};
/* End PBXVariantGroup section */

/* Begin XCBuildConfiguration section */
		B3A202621492F13000077100 /* Debug */ = {
			isa = XCBuildConfiguration;
			buildSettings = {
				ALWAYS_SEARCH_USER_PATHS = NO;
				ARCHS = "$(ARCHS_STANDARD_32_BIT)";
				CLANG_ENABLE_OBJC_ARC = YES;
				"CODE_SIGN_IDENTITY[sdk=iphoneos*]" = "iPhone Developer";
				COPY_PHASE_STRIP = NO;
				GCC_C_LANGUAGE_STANDARD = gnu99;
				GCC_DYNAMIC_NO_PIC = NO;
				GCC_OPTIMIZATION_LEVEL = 0;
				GCC_PREPROCESSOR_DEFINITIONS = (
					"DEBUG=1",
					"$(inherited)",
				);
				GCC_SYMBOLS_PRIVATE_EXTERN = NO;
				GCC_VERSION = com.apple.compilers.llvm.clang.1_0;
				GCC_WARN_ABOUT_MISSING_PROTOTYPES = YES;
				GCC_WARN_ABOUT_RETURN_TYPE = YES;
				GCC_WARN_UNUSED_VARIABLE = YES;
				IPHONEOS_DEPLOYMENT_TARGET = 5.0;
				SDKROOT = iphoneos;
			};
			name = Debug;
		};
		B3A202631492F13000077100 /* Release */ = {
			isa = XCBuildConfiguration;
			buildSettings = {
				ALWAYS_SEARCH_USER_PATHS = NO;
				ARCHS = "$(ARCHS_STANDARD_32_BIT)";
				CLANG_ENABLE_OBJC_ARC = YES;
				"CODE_SIGN_IDENTITY[sdk=iphoneos*]" = "iPhone Developer";
				COPY_PHASE_STRIP = YES;
				GCC_C_LANGUAGE_STANDARD = gnu99;
				GCC_VERSION = com.apple.compilers.llvm.clang.1_0;
				GCC_WARN_ABOUT_MISSING_PROTOTYPES = YES;
				GCC_WARN_ABOUT_RETURN_TYPE = YES;
				GCC_WARN_UNUSED_VARIABLE = YES;
				IPHONEOS_DEPLOYMENT_TARGET = 5.0;
				OTHER_CFLAGS = "-DNS_BLOCK_ASSERTIONS=1";
				SDKROOT = iphoneos;
				VALIDATE_PRODUCT = YES;
			};
			name = Release;
		};
		B3A202651492F13000077100 /* Debug */ = {
			isa = XCBuildConfiguration;
			buildSettings = {
				GCC_PRECOMPILE_PREFIX_HEADER = YES;
				GCC_PREFIX_HEADER = "AXKit/AXKit-Prefix.pch";
				INFOPLIST_FILE = "AXKit/AXKit-Info.plist";
				PRODUCT_NAME = "$(TARGET_NAME)";
				WRAPPER_EXTENSION = app;
			};
			name = Debug;
		};
		B3A202661492F13000077100 /* Release */ = {
			isa = XCBuildConfiguration;
			buildSettings = {
				GCC_PRECOMPILE_PREFIX_HEADER = YES;
				GCC_PREFIX_HEADER = "AXKit/AXKit-Prefix.pch";
				INFOPLIST_FILE = "AXKit/AXKit-Info.plist";
				PRODUCT_NAME = "$(TARGET_NAME)";
				WRAPPER_EXTENSION = app;
			};
			name = Release;
		};
/* End XCBuildConfiguration section */

/* Begin XCConfigurationList section */
		B3A202461492F13000077100 /* Build configuration list for PBXProject "AXKit" */ = {
			isa = XCConfigurationList;
			buildConfigurations = (
				B3A202621492F13000077100 /* Debug */,
				B3A202631492F13000077100 /* Release */,
			);
			defaultConfigurationIsVisible = 0;
			defaultConfigurationName = Release;
		};
		B3A202641492F13000077100 /* Build configuration list for PBXNativeTarget "AXKit" */ = {
			isa = XCConfigurationList;
			buildConfigurations = (
				B3A202651492F13000077100 /* Debug */,
				B3A202661492F13000077100 /* Release */,
			);
			defaultConfigurationIsVisible = 0;
		};
/* End XCConfigurationList section */
	};
	rootObject = B3A202431492F13000077100 /* Project object */;
}
